// !$*UTF8*$!
{
	archiveVersion = 1;
	classes = {
	};
	objectVersion = 50;
	objects = {

/* Begin PBXBuildFile section */
		6BBB5F2721425BED0023023A /* AppDelegate.m in Sources */ = {isa = PBXBuildFile; fileRef = 6BBB5F2621425BED0023023A /* AppDelegate.m */; };
		6BBB5F2A21425BED0023023A /* ViewController.m in Sources */ = {isa = PBXBuildFile; fileRef = 6BBB5F2921425BED0023023A /* ViewController.m */; };
		6BBB5F2D21425BED0023023A /* Main.storyboard in Resources */ = {isa = PBXBuildFile; fileRef = 6BBB5F2B21425BED0023023A /* Main.storyboard */; };
		6BBB5F2F21425BEE0023023A /* Assets.xcassets in Resources */ = {isa = PBXBuildFile; fileRef = 6BBB5F2E21425BEE0023023A /* Assets.xcassets */; };
		6BBB5F3221425BEE0023023A /* LaunchScreen.storyboard in Resources */ = {isa = PBXBuildFile; fileRef = 6BBB5F3021425BEE0023023A /* LaunchScreen.storyboard */; };
		6BBB5F3521425BEE0023023A /* main.m in Sources */ = {isa = PBXBuildFile; fileRef = 6BBB5F3421425BEE0023023A /* main.m */; };
		6BF05404236927A300A9E690 /* UIWindow+Extension.m in Sources */ = {isa = PBXBuildFile; fileRef = 6BF05403236927A300A9E690 /* UIWindow+Extension.m */; };
		6BF05433236A8EC100A9E690 /* apay.framework in Frameworks */ = {isa = PBXBuildFile; fileRef = 6BF05431236A8EB200A9E690 /* apay.framework */; };
		6BF05434236A8EC100A9E690 /* apay.framework in Embed Frameworks */ = {isa = PBXBuildFile; fileRef = 6BF05431236A8EB200A9E690 /* apay.framework */; settings = {ATTRIBUTES = (CodeSignOnCopy, RemoveHeadersOnCopy, ); }; };
/* End PBXBuildFile section */

/* Begin PBXCopyFilesBuildPhase section */
		263B853E2359780B002D43F8 /* Embed Frameworks */ = {
			isa = PBXCopyFilesBuildPhase;
			buildActionMask = 2147483647;
			dstPath = "";
			dstSubfolderSpec = 10;
			files = (
				6BF05434236A8EC100A9E690 /* apay.framework in Embed Frameworks */,
			);
			name = "Embed Frameworks";
			runOnlyForDeploymentPostprocessing = 0;
		};
/* End PBXCopyFilesBuildPhase section */

/* Begin PBXFileReference section */
		6BBB5F2221425BED0023023A /* 调用DEMO.app */ = {isa = PBXFileReference; explicitFileType = wrapper.application; includeInIndex = 0; path = "调用DEMO.app"; sourceTree = BUILT_PRODUCTS_DIR; };
		6BBB5F2521425BED0023023A /* AppDelegate.h */ = {isa = PBXFileReference; lastKnownFileType = sourcecode.c.h; path = AppDelegate.h; sourceTree = "<group>"; };
		6BBB5F2621425BED0023023A /* AppDelegate.m */ = {isa = PBXFileReference; lastKnownFileType = sourcecode.c.objc; path = AppDelegate.m; sourceTree = "<group>"; };
		6BBB5F2821425BED0023023A /* ViewController.h */ = {isa = PBXFileReference; lastKnownFileType = sourcecode.c.h; path = ViewController.h; sourceTree = "<group>"; };
		6BBB5F2921425BED0023023A /* ViewController.m */ = {isa = PBXFileReference; lastKnownFileType = sourcecode.c.objc; path = ViewController.m; sourceTree = "<group>"; };
		6BBB5F2C21425BED0023023A /* Base */ = {isa = PBXFileReference; lastKnownFileType = file.storyboard; name = Base; path = Base.lproj/Main.storyboard; sourceTree = "<group>"; };
		6BBB5F2E21425BEE0023023A /* Assets.xcassets */ = {isa = PBXFileReference; lastKnownFileType = folder.assetcatalog; path = Assets.xcassets; sourceTree = "<group>"; };
		6BBB5F3121425BEE0023023A /* Base */ = {isa = PBXFileReference; lastKnownFileType = file.storyboard; name = Base; path = Base.lproj/LaunchScreen.storyboard; sourceTree = "<group>"; };
		6BBB5F3321425BEE0023023A /* Info.plist */ = {isa = PBXFileReference; lastKnownFileType = text.plist.xml; path = Info.plist; sourceTree = "<group>"; };
		6BBB5F3421425BEE0023023A /* main.m */ = {isa = PBXFileReference; lastKnownFileType = sourcecode.c.objc; path = main.m; sourceTree = "<group>"; };
		6BF05402236927A300A9E690 /* UIWindow+Extension.h */ = {isa = PBXFileReference; fileEncoding = 4; lastKnownFileType = sourcecode.c.h; path = "UIWindow+Extension.h"; sourceTree = "<group>"; };
		6BF05403236927A300A9E690 /* UIWindow+Extension.m */ = {isa = PBXFileReference; fileEncoding = 4; lastKnownFileType = sourcecode.c.objc; path = "UIWindow+Extension.m"; sourceTree = "<group>"; };
		6BF05431236A8EB200A9E690 /* apay.framework */ = {isa = PBXFileReference; lastKnownFileType = wrapper.framework; path = apay.framework; sourceTree = "<group>"; };
/* End PBXFileReference section */

/* Begin PBXFrameworksBuildPhase section */
		6BBB5F1F21425BED0023023A /* Frameworks */ = {
			isa = PBXFrameworksBuildPhase;
			buildActionMask = 2147483647;
			files = (
				6BF05433236A8EC100A9E690 /* apay.framework in Frameworks */,
			);
			runOnlyForDeploymentPostprocessing = 0;
		};
/* End PBXFrameworksBuildPhase section */

/* Begin PBXGroup section */
		6B85C6122359BE8200882755 /* Frameworks */ = {
			isa = PBXGroup;
			children = (
			);
			name = Frameworks;
			sourceTree = "<group>";
		};
		6BBB5F1921425BED0023023A = {
			isa = PBXGroup;
			children = (
				6BBB5F2421425BED0023023A /* myapp */,
				6BBB5F2321425BED0023023A /* Products */,
				6B85C6122359BE8200882755 /* Frameworks */,
			);
			sourceTree = "<group>";
		};
		6BBB5F2321425BED0023023A /* Products */ = {
			isa = PBXGroup;
			children = (
				6BBB5F2221425BED0023023A /* 调用DEMO.app */,
			);
			name = Products;
			sourceTree = "<group>";
		};
		6BBB5F2421425BED0023023A /* myapp */ = {
			isa = PBXGroup;
			children = (
				6BF05431236A8EB200A9E690 /* apay.framework */,
				6BF05402236927A300A9E690 /* UIWindow+Extension.h */,
				6BF05403236927A300A9E690 /* UIWindow+Extension.m */,
				6BBB5F2521425BED0023023A /* AppDelegate.h */,
				6BBB5F2621425BED0023023A /* AppDelegate.m */,
				6BBB5F2821425BED0023023A /* ViewController.h */,
				6BBB5F2921425BED0023023A /* ViewController.m */,
				6BBB5F2B21425BED0023023A /* Main.storyboard */,
				6BBB5F2E21425BEE0023023A /* Assets.xcassets */,
				6BBB5F3021425BEE0023023A /* LaunchScreen.storyboard */,
				6BBB5F3321425BEE0023023A /* Info.plist */,
				6BBB5F3421425BEE0023023A /* main.m */,
			);
			path = myapp;
			sourceTree = "<group>";
		};
/* End PBXGroup section */

/* Begin PBXNativeTarget section */
		6BBB5F2121425BED0023023A /* myapp */ = {
			isa = PBXNativeTarget;
			buildConfigurationList = 6BBB5F3821425BEE0023023A /* Build configuration list for PBXNativeTarget "myapp" */;
			buildPhases = (
				6BBB5F1E21425BED0023023A /* Sources */,
				6BBB5F1F21425BED0023023A /* Frameworks */,
				6BBB5F2021425BED0023023A /* Resources */,
				263B853E2359780B002D43F8 /* Embed Frameworks */,
			);
			buildRules = (
			);
			dependencies = (
			);
			name = myapp;
			productName = myapp;
			productReference = 6BBB5F2221425BED0023023A /* 调用DEMO.app */;
			productType = "com.apple.product-type.application";
		};
/* End PBXNativeTarget section */

/* Begin PBXProject section */
		6BBB5F1A21425BED0023023A /* Project object */ = {
			isa = PBXProject;
			attributes = {
				LastUpgradeCheck = 0940;
				ORGANIZATIONNAME = beepay.pro;
				TargetAttributes = {
					6BBB5F2121425BED0023023A = {
						CreatedOnToolsVersion = 9.4.1;
					};
				};
			};
			buildConfigurationList = 6BBB5F1D21425BED0023023A /* Build configuration list for PBXProject "myapp" */;
			compatibilityVersion = "Xcode 9.3";
			developmentRegion = en;
			hasScannedForEncodings = 0;
			knownRegions = (
				en,
				Base,
			);
			mainGroup = 6BBB5F1921425BED0023023A;
			productRefGroup = 6BBB5F2321425BED0023023A /* Products */;
			projectDirPath = "";
			projectRoot = "";
			targets = (
				6BBB5F2121425BED0023023A /* myapp */,
			);
		};
/* End PBXProject section */

/* Begin PBXResourcesBuildPhase section */
		6BBB5F2021425BED0023023A /* Resources */ = {
			isa = PBXResourcesBuildPhase;
			buildActionMask = 2147483647;
			files = (
				6BBB5F3221425BEE0023023A /* LaunchScreen.storyboard in Resources */,
				6BBB5F2F21425BEE0023023A /* Assets.xcassets in Resources */,
				6BBB5F2D21425BED0023023A /* Main.storyboard in Resources */,
			);
			runOnlyForDeploymentPostprocessing = 0;
		};
/* End PBXResourcesBuildPhase section */

/* Begin PBXSourcesBuildPhase section */
		6BBB5F1E21425BED0023023A /* Sources */ = {
			isa = PBXSourcesBuildPhase;
			buildActionMask = 2147483647;
			files = (
				6BBB5F2A21425BED0023023A /* ViewController.m in Sources */,
				6BF05404236927A300A9E690 /* UIWindow+Extension.m in Sources */,
				6BBB5F3521425BEE0023023A /* main.m in Sources */,
				6BBB5F2721425BED0023023A /* AppDelegate.m in Sources */,
			);
			runOnlyForDeploymentPostprocessing = 0;
		};
/* End PBXSourcesBuildPhase section */

/* Begin PBXVariantGroup section */
		6BBB5F2B21425BED0023023A /* Main.storyboard */ = {
			isa = PBXVariantGroup;
			children = (
				6BBB5F2C21425BED0023023A /* Base */,
			);
			name = Main.storyboard;
			sourceTree = "<group>";
		};
		6BBB5F3021425BEE0023023A /* LaunchScreen.storyboard */ = {
			isa = PBXVariantGroup;
			children = (
				6BBB5F3121425BEE0023023A /* Base */,
			);
			name = LaunchScreen.storyboard;
			sourceTree = "<group>";
		};
/* End PBXVariantGroup section */

/* Begin XCBuildConfiguration section */
		6BBB5F3621425BEE0023023A /* Debug */ = {
			isa = XCBuildConfiguration;
			buildSettings = {
				ALWAYS_SEARCH_USER_PATHS = NO;
				CLANG_ANALYZER_NONNULL = YES;
				CLANG_ANALYZER_NUMBER_OBJECT_CONVERSION = YES_AGGRESSIVE;
				CLANG_CXX_LANGUAGE_STANDARD = "gnu++14";
				CLANG_CXX_LIBRARY = "libc++";
				CLANG_ENABLE_MODULES = YES;
				CLANG_ENABLE_OBJC_ARC = YES;
				CLANG_ENABLE_OBJC_WEAK = YES;
				CLANG_WARN_BLOCK_CAPTURE_AUTORELEASING = YES;
				CLANG_WARN_BOOL_CONVERSION = YES;
				CLANG_WARN_COMMA = YES;
				CLANG_WARN_CONSTANT_CONVERSION = YES;
				CLANG_WARN_DEPRECATED_OBJC_IMPLEMENTATIONS = YES;
				CLANG_WARN_DIRECT_OBJC_ISA_USAGE = YES_ERROR;
				CLANG_WARN_DOCUMENTATION_COMMENTS = YES;
				CLANG_WARN_EMPTY_BODY = YES;
				CLANG_WARN_ENUM_CONVERSION = YES;
				CLANG_WARN_INFINITE_RECURSION = YES;
				CLANG_WARN_INT_CONVERSION = YES;
				CLANG_WARN_NON_LITERAL_NULL_CONVERSION = YES;
				CLANG_WARN_OBJC_IMPLICIT_RETAIN_SELF = YES;
				CLANG_WARN_OBJC_LITERAL_CONVERSION = YES;
				CLANG_WARN_OBJC_ROOT_CLASS = YES_ERROR;
				CLANG_WARN_RANGE_LOOP_ANALYSIS = YES;
				CLANG_WARN_STRICT_PROTOTYPES = YES;
				CLANG_WARN_SUSPICIOUS_MOVE = YES;
				CLANG_WARN_UNGUARDED_AVAILABILITY = YES_AGGRESSIVE;
				CLANG_WARN_UNREACHABLE_CODE = YES;
				CLANG_WARN__DUPLICATE_METHOD_MATCH = YES;
				CODE_SIGN_IDENTITY = "iPhone Developer";
				COPY_PHASE_STRIP = NO;
				DEBUG_INFORMATION_FORMAT = dwarf;
				ENABLE_STRICT_OBJC_MSGSEND = YES;
				ENABLE_TESTABILITY = YES;
				GCC_C_LANGUAGE_STANDARD = gnu11;
				GCC_DYNAMIC_NO_PIC = NO;
				GCC_NO_COMMON_BLOCKS = YES;
				GCC_OPTIMIZATION_LEVEL = 0;
				GCC_PREPROCESSOR_DEFINITIONS = (
					"DEBUG=1",
					"$(inherited)",
				);
				GCC_WARN_64_TO_32_BIT_CONVERSION = YES;
				GCC_WARN_ABOUT_RETURN_TYPE = YES_ERROR;
				GCC_WARN_UNDECLARED_SELECTOR = YES;
				GCC_WARN_UNINITIALIZED_AUTOS = YES_AGGRESSIVE;
				GCC_WARN_UNUSED_FUNCTION = YES;
				GCC_WARN_UNUSED_VARIABLE = YES;
				IPHONEOS_DEPLOYMENT_TARGET = 11.4;
				MTL_ENABLE_DEBUG_INFO = YES;
				ONLY_ACTIVE_ARCH = YES;
				SDKROOT = iphoneos;
			};
			name = Debug;
		};
		6BBB5F3721425BEE0023023A /* Release */ = {
			isa = XCBuildConfiguration;
			buildSettings = {
				ALWAYS_SEARCH_USER_PATHS = NO;
				CLANG_ANALYZER_NONNULL = YES;
				CLANG_ANALYZER_NUMBER_OBJECT_CONVERSION = YES_AGGRESSIVE;
				CLANG_CXX_LANGUAGE_STANDARD = "gnu++14";
				CLANG_CXX_LIBRARY = "libc++";
				CLANG_ENABLE_MODULES = YES;
				CLANG_ENABLE_OBJC_ARC = YES;
				CLANG_ENABLE_OBJC_WEAK = YES;
				CLANG_WARN_BLOCK_CAPTURE_AUTORELEASING = YES;
				CLANG_WARN_BOOL_CONVERSION = YES;
				CLANG_WARN_COMMA = YES;
				CLANG_WARN_CONSTANT_CONVERSION = YES;
				CLANG_WARN_DEPRECATED_OBJC_IMPLEMENTATIONS = YES;
				CLANG_WARN_DIRECT_OBJC_ISA_USAGE = YES_ERROR;
				CLANG_WARN_DOCUMENTATION_COMMENTS = YES;
				CLANG_WARN_EMPTY_BODY = YES;
				CLANG_WARN_ENUM_CONVERSION = YES;
				CLANG_WARN_INFINITE_RECURSION = YES;
				CLANG_WARN_INT_CONVERSION = YES;
				CLANG_WARN_NON_LITERAL_NULL_CONVERSION = YES;
				CLANG_WARN_OBJC_IMPLICIT_RETAIN_SELF = YES;
				CLANG_WARN_OBJC_LITERAL_CONVERSION = YES;
				CLANG_WARN_OBJC_ROOT_CLASS = YES_ERROR;
				CLANG_WARN_RANGE_LOOP_ANALYSIS = YES;
				CLANG_WARN_STRICT_PROTOTYPES = YES;
				CLANG_WARN_SUSPICIOUS_MOVE = YES;
				CLANG_WARN_UNGUARDED_AVAILABILITY = YES_AGGRESSIVE;
				CLANG_WARN_UNREACHABLE_CODE = YES;
				CLANG_WARN__DUPLICATE_METHOD_MATCH = YES;
				CODE_SIGN_IDENTITY = "iPhone Developer";
				COPY_PHASE_STRIP = NO;
				DEBUG_INFORMATION_FORMAT = "dwarf-with-dsym";
				ENABLE_NS_ASSERTIONS = NO;
				ENABLE_STRICT_OBJC_MSGSEND = YES;
				GCC_C_LANGUAGE_STANDARD = gnu11;
				GCC_NO_COMMON_BLOCKS = YES;
				GCC_WARN_64_TO_32_BIT_CONVERSION = YES;
				GCC_WARN_ABOUT_RETURN_TYPE = YES_ERROR;
				GCC_WARN_UNDECLARED_SELECTOR = YES;
				GCC_WARN_UNINITIALIZED_AUTOS = YES_AGGRESSIVE;
				GCC_WARN_UNUSED_FUNCTION = YES;
				GCC_WARN_UNUSED_VARIABLE = YES;
				IPHONEOS_DEPLOYMENT_TARGET = 11.4;
				MTL_ENABLE_DEBUG_INFO = NO;
				SDKROOT = iphoneos;
				VALIDATE_PRODUCT = YES;
			};
			name = Release;
		};
		6BBB5F3921425BEE0023023A /* Debug */ = {
			isa = XCBuildConfiguration;
			buildSettings = {
				ASSETCATALOG_COMPILER_APPICON_NAME = AppIcon;
				CODE_SIGN_STYLE = Automatic;
				DEVELOPMENT_TEAM = 33MNLR2PU5;
				FRAMEWORK_SEARCH_PATHS = (
					"$(inherited)",
					"$(PROJECT_DIR)/myapp",
				);
				INFOPLIST_FILE = myapp/Info.plist;
				LD_RUNPATH_SEARCH_PATHS = (
					"$(inherited)",
					"@executable_path/Frameworks",
				);
				OTHER_LDFLAGS = (
					"$(inherited)",
					"-ObjC",
				);
				PRODUCT_BUNDLE_IDENTIFIER = qqqtest1;
				PRODUCT_NAME = "调用DEMO";
				TARGETED_DEVICE_FAMILY = "1,2";
			};
			name = Debug;
		};
		6BBB5F3A21425BEE0023023A /* Release */ = {
			isa = XCBuildConfiguration;
			buildSettings = {
				ASSETCATALOG_COMPILER_APPICON_NAME = AppIcon;
				CODE_SIGN_STYLE = Automatic;
				DEVELOPMENT_TEAM = 33MNLR2PU5;
				FRAMEWORK_SEARCH_PATHS = (
					"$(inherited)",
					"$(PROJECT_DIR)/myapp",
				);
				INFOPLIST_FILE = myapp/Info.plist;
				LD_RUNPATH_SEARCH_PATHS = (
					"$(inherited)",
					"@executable_path/Frameworks",
				);
				OTHER_LDFLAGS = (
					"$(inherited)",
					"-ObjC",
				);
				PRODUCT_BUNDLE_IDENTIFIER = qqqtest1;
				PRODUCT_NAME = "调用DEMO";
				TARGETED_DEVICE_FAMILY = "1,2";
			};
			name = Release;
		};
/* End XCBuildConfiguration section */

/* Begin XCConfigurationList section */
		6BBB5F1D21425BED0023023A /* Build configuration list for PBXProject "myapp" */ = {
			isa = XCConfigurationList;
			buildConfigurations = (
				6BBB5F3621425BEE0023023A /* Debug */,
				6BBB5F3721425BEE0023023A /* Release */,
			);
			defaultConfigurationIsVisible = 0;
			defaultConfigurationName = Release;
		};
		6BBB5F3821425BEE0023023A /* Build configuration list for PBXNativeTarget "myapp" */ = {
			isa = XCConfigurationList;
			buildConfigurations = (
				6BBB5F3921425BEE0023023A /* Debug */,
				6BBB5F3A21425BEE0023023A /* Release */,
			);
			defaultConfigurationIsVisible = 0;
			defaultConfigurationName = Release;
		};
/* End XCConfigurationList section */
	};
	rootObject = 6BBB5F1A21425BED0023023A /* Project object */;
}
